Microsoft Visual Studio Solution File, Format Version 11.00
# Visual Studio 2008

Project("{9DE3DEB1-85DB-08AB-775D-3FA8AD6AED8E}") = "Nebula", "Assembly-CSharp.csproj", "{896D5220-9E3D-B664-A651-27091BD89A01}"
EndProject
Global
	GlobalSection(SolutionConfigurationPlatforms) = preSolution
		Debug|Any CPU = Debug|Any CPU
		Release|Any CPU = Release|Any CPU
	EndGlobalSection
	GlobalSection(ProjectConfigurationPlatforms) = postSolution
		{896D5220-9E3D-B664-A651-27091BD89A01}.Debug|Any CPU.ActiveCfg = Debug|Any CPU
		{896D5220-9E3D-B664-A651-27091BD89A01}.Debug|Any CPU.Build.0 = Debug|Any CPU
		{896D5220-9E3D-B664-A651-27091BD89A01}.Release|Any CPU.ActiveCfg = Release|Any CPU
		{896D5220-9E3D-B664-A651-27091BD89A01}.Release|Any CPU.Build.0 = Release|Any CPU
	EndGlobalSection
	GlobalSection(SolutionProperties) = preSolution
		HideSolutionNode = FALSE
	EndGlobalSection
	GlobalSection(MonoDevelopProperties) = preSolution
		StartupItem = Assembly-CSharp.csproj
	EndGlobalSection
EndGlobal
