
Microsoft Visual Studio Solution File, Format Version 12.00
# Visual Studio 2015
Project("{FAE04EC0-301F-11D3-BF4B-00C04F79EFBC}") = "Nebula-c43f98206c3cefb9fe59d1c246a8d0b2fad03536.CSharp", "Nebula-c43f98206c3cefb9fe59d1c246a8d0b2fad03536.CSharp.csproj", "{F1D659D4-A9C5-F789-3052-CBF4E0362D43}"
EndProject
Global
	GlobalSection(SolutionConfigurationPlatforms) = preSolution
		Debug|Any CPU = Debug|Any CPU
		Release|Any CPU = Release|Any CPU
	EndGlobalSection
	GlobalSection(ProjectConfigurationPlatforms) = postSolution
		{F1D659D4-A9C5-F789-3052-CBF4E0362D43}.Debug|Any CPU.ActiveCfg = Debug|Any CPU
		{F1D659D4-A9C5-F789-3052-CBF4E0362D43}.Debug|Any CPU.Build.0 = Debug|Any CPU
		{F1D659D4-A9C5-F789-3052-CBF4E0362D43}.Release|Any CPU.ActiveCfg = Release|Any CPU
		{F1D659D4-A9C5-F789-3052-CBF4E0362D43}.Release|Any CPU.Build.0 = Release|Any CPU
	EndGlobalSection
	GlobalSection(SolutionProperties) = preSolution
		HideSolutionNode = FALSE
	EndGlobalSection
EndGlobal
